
Microsoft Visual Studio Solution File, Format Version 12.00
# Visual Studio 15
VisualStudioVersion = 15.0.27703.2035
MinimumVisualStudioVersion = 10.0.40219.1
Project("{FAE04EC0-301F-11D3-BF4B-00C04F79EFBC}") = "Phoneword.Android", "Phoneword\Phoneword.Android\Phoneword.Android.csproj", "{D5789BAF-5086-41F0-A8C4-A525025E69D3}"
EndProject
Project("{FAE04EC0-301F-11D3-BF4B-00C04F79EFBC}") = "Phoneword.iOS", "Phoneword\Phoneword.iOS\Phoneword.iOS.csproj", "{A6BFB791-626D-4DAD-AAA8-9AD09DD24D9D}"
EndProject
Project("{FAE04EC0-301F-11D3-BF4B-00C04F79EFBC}") = "Phoneword.UWP", "Phoneword\Phoneword.UWP\Phoneword.UWP.csproj", "{3CE85E18-5417-4156-9A37-27321EF36F04}"
EndProject
Project("{FAE04EC0-301F-11D3-BF4B-00C04F79EFBC}") = "Phoneword", "Phoneword\Phoneword\Phoneword.csproj", "{F46DD67E-5309-4524-9BB6-6CAD6FAAB8BA}"
EndProject
Global
	GlobalSection(SolutionConfigurationPlatforms) = preSolution
		Ad-Hoc|Any CPU = Ad-Hoc|Any CPU
		Ad-Hoc|ARM = Ad-Hoc|ARM
		Ad-Hoc|iPhone = Ad-Hoc|iPhone
		Ad-Hoc|iPhoneSimulator = Ad-Hoc|iPhoneSimulator
		Ad-Hoc|x64 = Ad-Hoc|x64
		Ad-Hoc|x86 = Ad-Hoc|x86
		AppStore|Any CPU = AppStore|Any CPU
		AppStore|ARM = AppStore|ARM
		AppStore|iPhone = AppStore|iPhone
		AppStore|iPhoneSimulator = AppStore|iPhoneSimulator
		AppStore|x64 = AppStore|x64
		AppStore|x86 = AppStore|x86
		Debug|Any CPU = Debug|Any CPU
		Debug|ARM = Debug|ARM
		Debug|iPhone = Debug|iPhone
		Debug|iPhoneSimulator = Debug|iPhoneSimulator
		Debug|x64 = Debug|x64
		Debug|x86 = Debug|x86
		Release|Any CPU = Release|Any CPU
		Release|ARM = Release|ARM
		Release|iPhone = Release|iPhone
		Release|iPhoneSimulator = Release|iPhoneSimulator
		Release|x64 = Release|x64
		Release|x86 = Release|x86
	EndGlobalSection
	GlobalSection(ProjectConfigurationPlatforms) = postSolution
		{D5789BAF-5086-41F0-A8C4-A525025E69D3}.Ad-Hoc|Any CPU.ActiveCfg = Release|Any CPU
		{D5789BAF-5086-41F0-A8C4-A525025E69D3}.Ad-Hoc|Any CPU.Build.0 = Release|Any CPU
		{D5789BAF-5086-41F0-A8C4-A525025E69D3}.Ad-Hoc|Any CPU.Deploy.0 = Release|Any CPU
		{D5789BAF-5086-41F0-A8C4-A525025E69D3}.Ad-Hoc|ARM.ActiveCfg = Release|Any CPU
		{D5789BAF-5086-41F0-A8C4-A525025E69D3}.Ad-Hoc|ARM.Build.0 = Release|Any CPU
		{D5789BAF-5086-41F0-A8C4-A525025E69D3}.Ad-Hoc|ARM.Deploy.0 = Release|Any CPU
		{D5789BAF-5086-41F0-A8C4-A525025E69D3}.Ad-Hoc|iPhone.ActiveCfg = Release|Any CPU
		{D5789BAF-5086-41F0-A8C4-A525025E69D3}.Ad-Hoc|iPhone.Build.0 = Release|Any CPU
		{D5789BAF-5086-41F0-A8C4-A525025E69D3}.Ad-Hoc|iPhone.Deploy.0 = Release|Any CPU
		{D5789BAF-5086-41F0-A8C4-A525025E69D3}.Ad-Hoc|iPhoneSimulator.ActiveCfg = Release|Any CPU
		{D5789BAF-5086-41F0-A8C4-A525025E69D3}.Ad-Hoc|iPhoneSimulator.Build.0 = Release|Any CPU
		{D5789BAF-5086-41F0-A8C4-A525025E69D3}.Ad-Hoc|iPhoneSimulator.Deploy.0 = Release|Any CPU
		{D5789BAF-5086-41F0-A8C4-A525025E69D3}.Ad-Hoc|x64.ActiveCfg = Release|Any CPU
		{D5789BAF-5086-41F0-A8C4-A525025E69D3}.Ad-Hoc|x64.Build.0 = Release|Any CPU
		{D5789BAF-5086-41F0-A8C4-A525025E69D3}.Ad-Hoc|x64.Deploy.0 = Release|Any CPU
		{D5789BAF-5086-41F0-A8C4-A525025E69D3}.Ad-Hoc|x86.ActiveCfg = Release|Any CPU
		{D5789BAF-5086-41F0-A8C4-A525025E69D3}.Ad-Hoc|x86.Build.0 = Release|Any CPU
		{D5789BAF-5086-41F0-A8C4-A525025E69D3}.Ad-Hoc|x86.Deploy.0 = Release|Any CPU
		{D5789BAF-5086-41F0-A8C4-A525025E69D3}.AppStore|Any CPU.ActiveCfg = Release|Any CPU
		{D5789BAF-5086-41F0-A8C4-A525025E69D3}.AppStore|Any CPU.Build.0 = Release|Any CPU
		{D5789BAF-5086-41F0-A8C4-A525025E69D3}.AppStore|Any CPU.Deploy.0 = Release|Any CPU
		{D5789BAF-5086-41F0-A8C4-A525025E69D3}.AppStore|ARM.ActiveCfg = Release|Any CPU
		{D5789BAF-5086-41F0-A8C4-A525025E69D3}.AppStore|ARM.Build.0 = Release|Any CPU
		{D5789BAF-5086-41F0-A8C4-A525025E69D3}.AppStore|ARM.Deploy.0 = Release|Any CPU
		{D5789BAF-5086-41F0-A8C4-A525025E69D3}.AppStore|iPhone.ActiveCfg = Release|Any CPU
		{D5789BAF-5086-41F0-A8C4-A525025E69D3}.AppStore|iPhone.Build.0 = Release|Any CPU
		{D5789BAF-5086-41F0-A8C4-A525025E69D3}.AppStore|iPhone.Deploy.0 = Release|Any CPU
		{D5789BAF-5086-41F0-A8C4-A525025E69D3}.AppStore|iPhoneSimulator.ActiveCfg = Release|Any CPU
		{D5789BAF-5086-41F0-A8C4-A525025E69D3}.AppStore|iPhoneSimulator.Build.0 = Release|Any CPU
		{D5789BAF-5086-41F0-A8C4-A525025E69D3}.AppStore|iPhoneSimulator.Deploy.0 = Release|Any CPU
		{D5789BAF-5086-41F0-A8C4-A525025E69D3}.AppStore|x64.ActiveCfg = Release|Any CPU
		{D5789BAF-5086-41F0-A8C4-A525025E69D3}.AppStore|x64.Build.0 = Release|Any CPU
		{D5789BAF-5086-41F0-A8C4-A525025E69D3}.AppStore|x64.Deploy.0 = Release|Any CPU
		{D5789BAF-5086-41F0-A8C4-A525025E69D3}.AppStore|x86.ActiveCfg = Release|Any CPU
		{D5789BAF-5086-41F0-A8C4-A525025E69D3}.AppStore|x86.Build.0 = Release|Any CPU
		{D5789BAF-5086-41F0-A8C4-A525025E69D3}.AppStore|x86.Deploy.0 = Release|Any CPU
		{D5789BAF-5086-41F0-A8C4-A525025E69D3}.Debug|Any CPU.ActiveCfg = Debug|Any CPU
		{D5789BAF-5086-41F0-A8C4-A525025E69D3}.Debug|Any CPU.Build.0 = Debug|Any CPU
		{D5789BAF-5086-41F0-A8C4-A525025E69D3}.Debug|Any CPU.Deploy.0 = Debug|Any CPU
		{D5789BAF-5086-41F0-A8C4-A525025E69D3}.Debug|ARM.ActiveCfg = Debug|Any CPU
		{D5789BAF-5086-41F0-A8C4-A525025E69D3}.Debug|ARM.Build.0 = Debug|Any CPU
		{D5789BAF-5086-41F0-A8C4-A525025E69D3}.Debug|ARM.Deploy.0 = Debug|Any CPU
		{D5789BAF-5086-41F0-A8C4-A525025E69D3}.Debug|iPhone.ActiveCfg = Debug|Any CPU
		{D5789BAF-5086-41F0-A8C4-A525025E69D3}.Debug|iPhone.Build.0 = Debug|Any CPU
		{D5789BAF-5086-41F0-A8C4-A525025E69D3}.Debug|iPhone.Deploy.0 = Debug|Any CPU
		{D5789BAF-5086-41F0-A8C4-A525025E69D3}.Debug|iPhoneSimulator.ActiveCfg = Debug|Any CPU
		{D5789BAF-5086-41F0-A8C4-A525025E69D3}.Debug|iPhoneSimulator.Build.0 = Debug|Any CPU
		{D5789BAF-5086-41F0-A8C4-A525025E69D3}.Debug|iPhoneSimulator.Deploy.0 = Debug|Any CPU
		{D5789BAF-5086-41F0-A8C4-A525025E69D3}.Debug|x64.ActiveCfg = Debug|Any CPU
		{D5789BAF-5086-41F0-A8C4-A525025E69D3}.Debug|x64.Build.0 = Debug|Any CPU
		{D5789BAF-5086-41F0-A8C4-A525025E69D3}.Debug|x64.Deploy.0 = Debug|Any CPU
		{D5789BAF-5086-41F0-A8C4-A525025E69D3}.Debug|x86.ActiveCfg = Debug|Any CPU
		{D5789BAF-5086-41F0-A8C4-A525025E69D3}.Debug|x86.Build.0 = Debug|Any CPU
		{D5789BAF-5086-41F0-A8C4-A525025E69D3}.Debug|x86.Deploy.0 = Debug|Any CPU
		{D5789BAF-5086-41F0-A8C4-A525025E69D3}.Release|Any CPU.ActiveCfg = Release|Any CPU
		{D5789BAF-5086-41F0-A8C4-A525025E69D3}.Release|Any CPU.Build.0 = Release|Any CPU
		{D5789BAF-5086-41F0-A8C4-A525025E69D3}.Release|Any CPU.Deploy.0 = Release|Any CPU
		{D5789BAF-5086-41F0-A8C4-A525025E69D3}.Release|ARM.ActiveCfg = Release|Any CPU
		{D5789BAF-5086-41F0-A8C4-A525025E69D3}.Release|ARM.Build.0 = Release|Any CPU
		{D5789BAF-5086-41F0-A8C4-A525025E69D3}.Release|ARM.Deploy.0 = Release|Any CPU
		{D5789BAF-5086-41F0-A8C4-A525025E69D3}.Release|iPhone.ActiveCfg = Release|Any CPU
		{D5789BAF-5086-41F0-A8C4-A525025E69D3}.Release|iPhone.Build.0 = Release|Any CPU
		{D5789BAF-5086-41F0-A8C4-A525025E69D3}.Release|iPhone.Deploy.0 = Release|Any CPU
		{D5789BAF-5086-41F0-A8C4-A525025E69D3}.Release|iPhoneSimulator.ActiveCfg = Release|Any CPU
		{D5789BAF-5086-41F0-A8C4-A525025E69D3}.Release|iPhoneSimulator.Build.0 = Release|Any CPU
		{D5789BAF-5086-41F0-A8C4-A525025E69D3}.Release|iPhoneSimulator.Deploy.0 = Release|Any CPU
		{D5789BAF-5086-41F0-A8C4-A525025E69D3}.Release|x64.ActiveCfg = Release|Any CPU
		{D5789BAF-5086-41F0-A8C4-A525025E69D3}.Release|x64.Build.0 = Release|Any CPU
		{D5789BAF-5086-41F0-A8C4-A525025E69D3}.Release|x64.Deploy.0 = Release|Any CPU
		{D5789BAF-5086-41F0-A8C4-A525025E69D3}.Release|x86.ActiveCfg = Release|Any CPU
		{D5789BAF-5086-41F0-A8C4-A525025E69D3}.Release|x86.Build.0 = Release|Any CPU
		{D5789BAF-5086-41F0-A8C4-A525025E69D3}.Release|x86.Deploy.0 = Release|Any CPU
		{A6BFB791-626D-4DAD-AAA8-9AD09DD24D9D}.Ad-Hoc|Any CPU.ActiveCfg = Ad-Hoc|iPhone
		{A6BFB791-626D-4DAD-AAA8-9AD09DD24D9D}.Ad-Hoc|Any CPU.Build.0 = Ad-Hoc|iPhone
		{A6BFB791-626D-4DAD-AAA8-9AD09DD24D9D}.Ad-Hoc|Any CPU.Deploy.0 = Ad-Hoc|iPhone
		{A6BFB791-626D-4DAD-AAA8-9AD09DD24D9D}.Ad-Hoc|ARM.ActiveCfg = Ad-Hoc|iPhone
		{A6BFB791-626D-4DAD-AAA8-9AD09DD24D9D}.Ad-Hoc|ARM.Build.0 = Ad-Hoc|iPhone
		{A6BFB791-626D-4DAD-AAA8-9AD09DD24D9D}.Ad-Hoc|ARM.Deploy.0 = Ad-Hoc|iPhone
		{A6BFB791-626D-4DAD-AAA8-9AD09DD24D9D}.Ad-Hoc|iPhone.ActiveCfg = Ad-Hoc|iPhone
		{A6BFB791-626D-4DAD-AAA8-9AD09DD24D9D}.Ad-Hoc|iPhone.Build.0 = Ad-Hoc|iPhone
		{A6BFB791-626D-4DAD-AAA8-9AD09DD24D9D}.Ad-Hoc|iPhone.Deploy.0 = Ad-Hoc|iPhone
		{A6BFB791-626D-4DAD-AAA8-9AD09DD24D9D}.Ad-Hoc|iPhoneSimulator.ActiveCfg = Ad-Hoc|iPhoneSimulator
		{A6BFB791-626D-4DAD-AAA8-9AD09DD24D9D}.Ad-Hoc|iPhoneSimulator.Build.0 = Ad-Hoc|iPhoneSimulator
		{A6BFB791-626D-4DAD-AAA8-9AD09DD24D9D}.Ad-Hoc|iPhoneSimulator.Deploy.0 = Ad-Hoc|iPhoneSimulator
		{A6BFB791-626D-4DAD-AAA8-9AD09DD24D9D}.Ad-Hoc|x64.ActiveCfg = Ad-Hoc|iPhone
		{A6BFB791-626D-4DAD-AAA8-9AD09DD24D9D}.Ad-Hoc|x64.Build.0 = Ad-Hoc|iPhone
		{A6BFB791-626D-4DAD-AAA8-9AD09DD24D9D}.Ad-Hoc|x64.Deploy.0 = Ad-Hoc|iPhone
		{A6BFB791-626D-4DAD-AAA8-9AD09DD24D9D}.Ad-Hoc|x86.ActiveCfg = Ad-Hoc|iPhone
		{A6BFB791-626D-4DAD-AAA8-9AD09DD24D9D}.Ad-Hoc|x86.Build.0 = Ad-Hoc|iPhone
		{A6BFB791-626D-4DAD-AAA8-9AD09DD24D9D}.Ad-Hoc|x86.Deploy.0 = Ad-Hoc|iPhone
		{A6BFB791-626D-4DAD-AAA8-9AD09DD24D9D}.AppStore|Any CPU.ActiveCfg = AppStore|iPhone
		{A6BFB791-626D-4DAD-AAA8-9AD09DD24D9D}.AppStore|Any CPU.Build.0 = AppStore|iPhone
		{A6BFB791-626D-4DAD-AAA8-9AD09DD24D9D}.AppStore|Any CPU.Deploy.0 = AppStore|iPhone
		{A6BFB791-626D-4DAD-AAA8-9AD09DD24D9D}.AppStore|ARM.ActiveCfg = AppStore|iPhone
		{A6BFB791-626D-4DAD-AAA8-9AD09DD24D9D}.AppStore|ARM.Build.0 = AppStore|iPhone
		{A6BFB791-626D-4DAD-AAA8-9AD09DD24D9D}.AppStore|ARM.Deploy.0 = AppStore|iPhone
		{A6BFB791-626D-4DAD-AAA8-9AD09DD24D9D}.AppStore|iPhone.ActiveCfg = AppStore|iPhone
		{A6BFB791-626D-4DAD-AAA8-9AD09DD24D9D}.AppStore|iPhone.Build.0 = AppStore|iPhone
		{A6BFB791-626D-4DAD-AAA8-9AD09DD24D9D}.AppStore|iPhone.Deploy.0 = AppStore|iPhone
		{A6BFB791-626D-4DAD-AAA8-9AD09DD24D9D}.AppStore|iPhoneSimulator.ActiveCfg = AppStore|iPhoneSimulator
		{A6BFB791-626D-4DAD-AAA8-9AD09DD24D9D}.AppStore|iPhoneSimulator.Build.0 = AppStore|iPhoneSimulator
		{A6BFB791-626D-4DAD-AAA8-9AD09DD24D9D}.AppStore|iPhoneSimulator.Deploy.0 = AppStore|iPhoneSimulator
		{A6BFB791-626D-4DAD-AAA8-9AD09DD24D9D}.AppStore|x64.ActiveCfg = AppStore|iPhone
		{A6BFB791-626D-4DAD-AAA8-9AD09DD24D9D}.AppStore|x64.Build.0 = AppStore|iPhone
		{A6BFB791-626D-4DAD-AAA8-9AD09DD24D9D}.AppStore|x64.Deploy.0 = AppStore|iPhone
		{A6BFB791-626D-4DAD-AAA8-9AD09DD24D9D}.AppStore|x86.ActiveCfg = AppStore|iPhone
		{A6BFB791-626D-4DAD-AAA8-9AD09DD24D9D}.AppStore|x86.Build.0 = AppStore|iPhone
		{A6BFB791-626D-4DAD-AAA8-9AD09DD24D9D}.AppStore|x86.Deploy.0 = AppStore|iPhone
		{A6BFB791-626D-4DAD-AAA8-9AD09DD24D9D}.Debug|Any CPU.ActiveCfg = Debug|iPhoneSimulator
		{A6BFB791-626D-4DAD-AAA8-9AD09DD24D9D}.Debug|Any CPU.Build.0 = Debug|iPhoneSimulator
		{A6BFB791-626D-4DAD-AAA8-9AD09DD24D9D}.Debug|Any CPU.Deploy.0 = Debug|iPhoneSimulator
		{A6BFB791-626D-4DAD-AAA8-9AD09DD24D9D}.Debug|ARM.ActiveCfg = Debug|iPhone
		{A6BFB791-626D-4DAD-AAA8-9AD09DD24D9D}.Debug|ARM.Build.0 = Debug|iPhone
		{A6BFB791-626D-4DAD-AAA8-9AD09DD24D9D}.Debug|ARM.Deploy.0 = Debug|iPhone
		{A6BFB791-626D-4DAD-AAA8-9AD09DD24D9D}.Debug|iPhone.ActiveCfg = Debug|iPhone
		{A6BFB791-626D-4DAD-AAA8-9AD09DD24D9D}.Debug|iPhone.Build.0 = Debug|iPhone
		{A6BFB791-626D-4DAD-AAA8-9AD09DD24D9D}.Debug|iPhone.Deploy.0 = Debug|iPhone
		{A6BFB791-626D-4DAD-AAA8-9AD09DD24D9D}.Debug|iPhoneSimulator.ActiveCfg = Debug|iPhoneSimulator
		{A6BFB791-626D-4DAD-AAA8-9AD09DD24D9D}.Debug|iPhoneSimulator.Build.0 = Debug|iPhoneSimulator
		{A6BFB791-626D-4DAD-AAA8-9AD09DD24D9D}.Debug|iPhoneSimulator.Deploy.0 = Debug|iPhoneSimulator
		{A6BFB791-626D-4DAD-AAA8-9AD09DD24D9D}.Debug|x64.ActiveCfg = Debug|iPhone
		{A6BFB791-626D-4DAD-AAA8-9AD09DD24D9D}.Debug|x64.Build.0 = Debug|iPhone
		{A6BFB791-626D-4DAD-AAA8-9AD09DD24D9D}.Debug|x64.Deploy.0 = Debug|iPhone
		{A6BFB791-626D-4DAD-AAA8-9AD09DD24D9D}.Debug|x86.ActiveCfg = Debug|iPhone
		{A6BFB791-626D-4DAD-AAA8-9AD09DD24D9D}.Debug|x86.Build.0 = Debug|iPhone
		{A6BFB791-626D-4DAD-AAA8-9AD09DD24D9D}.Debug|x86.Deploy.0 = Debug|iPhone
		{A6BFB791-626D-4DAD-AAA8-9AD09DD24D9D}.Release|Any CPU.ActiveCfg = Release|iPhone
		{A6BFB791-626D-4DAD-AAA8-9AD09DD24D9D}.Release|Any CPU.Build.0 = Release|iPhone
		{A6BFB791-626D-4DAD-AAA8-9AD09DD24D9D}.Release|Any CPU.Deploy.0 = Release|iPhone
		{A6BFB791-626D-4DAD-AAA8-9AD09DD24D9D}.Release|ARM.ActiveCfg = Release|iPhone
		{A6BFB791-626D-4DAD-AAA8-9AD09DD24D9D}.Release|ARM.Build.0 = Release|iPhone
		{A6BFB791-626D-4DAD-AAA8-9AD09DD24D9D}.Release|ARM.Deploy.0 = Release|iPhone
		{A6BFB791-626D-4DAD-AAA8-9AD09DD24D9D}.Release|iPhone.ActiveCfg = Release|iPhone
		{A6BFB791-626D-4DAD-AAA8-9AD09DD24D9D}.Release|iPhone.Build.0 = Release|iPhone
		{A6BFB791-626D-4DAD-AAA8-9AD09DD24D9D}.Release|iPhone.Deploy.0 = Release|iPhone
		{A6BFB791-626D-4DAD-AAA8-9AD09DD24D9D}.Release|iPhoneSimulator.ActiveCfg = Release|iPhoneSimulator
		{A6BFB791-626D-4DAD-AAA8-9AD09DD24D9D}.Release|iPhoneSimulator.Build.0 = Release|iPhoneSimulator
		{A6BFB791-626D-4DAD-AAA8-9AD09DD24D9D}.Release|iPhoneSimulator.Deploy.0 = Release|iPhoneSimulator
		{A6BFB791-626D-4DAD-AAA8-9AD09DD24D9D}.Release|x64.ActiveCfg = Release|iPhone
		{A6BFB791-626D-4DAD-AAA8-9AD09DD24D9D}.Release|x64.Build.0 = Release|iPhone
		{A6BFB791-626D-4DAD-AAA8-9AD09DD24D9D}.Release|x64.Deploy.0 = Release|iPhone
		{A6BFB791-626D-4DAD-AAA8-9AD09DD24D9D}.Release|x86.ActiveCfg = Release|iPhone
		{A6BFB791-626D-4DAD-AAA8-9AD09DD24D9D}.Release|x86.Build.0 = Release|iPhone
		{A6BFB791-626D-4DAD-AAA8-9AD09DD24D9D}.Release|x86.Deploy.0 = Release|iPhone
		{3CE85E18-5417-4156-9A37-27321EF36F04}.Ad-Hoc|Any CPU.ActiveCfg = Release|x86
		{3CE85E18-5417-4156-9A37-27321EF36F04}.Ad-Hoc|Any CPU.Build.0 = Release|x86
		{3CE85E18-5417-4156-9A37-27321EF36F04}.Ad-Hoc|Any CPU.Deploy.0 = Release|x86
		{3CE85E18-5417-4156-9A37-27321EF36F04}.Ad-Hoc|ARM.ActiveCfg = Release|ARM
		{3CE85E18-5417-4156-9A37-27321EF36F04}.Ad-Hoc|ARM.Build.0 = Release|ARM
		{3CE85E18-5417-4156-9A37-27321EF36F04}.Ad-Hoc|ARM.Deploy.0 = Release|ARM
		{3CE85E18-5417-4156-9A37-27321EF36F04}.Ad-Hoc|iPhone.ActiveCfg = Release|x86
		{3CE85E18-5417-4156-9A37-27321EF36F04}.Ad-Hoc|iPhone.Build.0 = Release|x86
		{3CE85E18-5417-4156-9A37-27321EF36F04}.Ad-Hoc|iPhone.Deploy.0 = Release|x86
		{3CE85E18-5417-4156-9A37-27321EF36F04}.Ad-Hoc|iPhoneSimulator.ActiveCfg = Release|x86
		{3CE85E18-5417-4156-9A37-27321EF36F04}.Ad-Hoc|iPhoneSimulator.Build.0 = Release|x86
		{3CE85E18-5417-4156-9A37-27321EF36F04}.Ad-Hoc|iPhoneSimulator.Deploy.0 = Release|x86
		{3CE85E18-5417-4156-9A37-27321EF36F04}.Ad-Hoc|x64.ActiveCfg = Release|x64
		{3CE85E18-5417-4156-9A37-27321EF36F04}.Ad-Hoc|x64.Build.0 = Release|x64
		{3CE85E18-5417-4156-9A37-27321EF36F04}.Ad-Hoc|x64.Deploy.0 = Release|x64
		{3CE85E18-5417-4156-9A37-27321EF36F04}.Ad-Hoc|x86.ActiveCfg = Release|x86
		{3CE85E18-5417-4156-9A37-27321EF36F04}.Ad-Hoc|x86.Build.0 = Release|x86
		{3CE85E18-5417-4156-9A37-27321EF36F04}.Ad-Hoc|x86.Deploy.0 = Release|x86
		{3CE85E18-5417-4156-9A37-27321EF36F04}.AppStore|Any CPU.ActiveCfg = Release|x86
		{3CE85E18-5417-4156-9A37-27321EF36F04}.AppStore|Any CPU.Build.0 = Release|x86
		{3CE85E18-5417-4156-9A37-27321EF36F04}.AppStore|Any CPU.Deploy.0 = Release|x86
		{3CE85E18-5417-4156-9A37-27321EF36F04}.AppStore|ARM.ActiveCfg = Release|ARM
		{3CE85E18-5417-4156-9A37-27321EF36F04}.AppStore|ARM.Build.0 = Release|ARM
		{3CE85E18-5417-4156-9A37-27321EF36F04}.AppStore|ARM.Deploy.0 = Release|ARM
		{3CE85E18-5417-4156-9A37-27321EF36F04}.AppStore|iPhone.ActiveCfg = Release|x86
		{3CE85E18-5417-4156-9A37-27321EF36F04}.AppStore|iPhone.Build.0 = Release|x86
		{3CE85E18-5417-4156-9A37-27321EF36F04}.AppStore|iPhone.Deploy.0 = Release|x86
		{3CE85E18-5417-4156-9A37-27321EF36F04}.AppStore|iPhoneSimulator.ActiveCfg = Release|x86
		{3CE85E18-5417-4156-9A37-27321EF36F04}.AppStore|iPhoneSimulator.Build.0 = Release|x86
		{3CE85E18-5417-4156-9A37-27321EF36F04}.AppStore|iPhoneSimulator.Deploy.0 = Release|x86
		{3CE85E18-5417-4156-9A37-27321EF36F04}.AppStore|x64.ActiveCfg = Release|x64
		{3CE85E18-5417-4156-9A37-27321EF36F04}.AppStore|x64.Build.0 = Release|x64
		{3CE85E18-5417-4156-9A37-27321EF36F04}.AppStore|x64.Deploy.0 = Release|x64
		{3CE85E18-5417-4156-9A37-27321EF36F04}.AppStore|x86.ActiveCfg = Release|x86
		{3CE85E18-5417-4156-9A37-27321EF36F04}.AppStore|x86.Build.0 = Release|x86
		{3CE85E18-5417-4156-9A37-27321EF36F04}.AppStore|x86.Deploy.0 = Release|x86
		{3CE85E18-5417-4156-9A37-27321EF36F04}.Debug|Any CPU.ActiveCfg = Debug|x86
		{3CE85E18-5417-4156-9A37-27321EF36F04}.Debug|Any CPU.Build.0 = Debug|x86
		{3CE85E18-5417-4156-9A37-27321EF36F04}.Debug|Any CPU.Deploy.0 = Debug|x86
		{3CE85E18-5417-4156-9A37-27321EF36F04}.Debug|ARM.ActiveCfg = Debug|ARM
		{3CE85E18-5417-4156-9A37-27321EF36F04}.Debug|ARM.Build.0 = Debug|ARM
		{3CE85E18-5417-4156-9A37-27321EF36F04}.Debug|ARM.Deploy.0 = Debug|ARM
		{3CE85E18-5417-4156-9A37-27321EF36F04}.Debug|iPhone.ActiveCfg = Debug|x86
		{3CE85E18-5417-4156-9A37-27321EF36F04}.Debug|iPhone.Build.0 = Debug|x86
		{3CE85E18-5417-4156-9A37-27321EF36F04}.Debug|iPhone.Deploy.0 = Debug|x86
		{3CE85E18-5417-4156-9A37-27321EF36F04}.Debug|iPhoneSimulator.ActiveCfg = Debug|x86
		{3CE85E18-5417-4156-9A37-27321EF36F04}.Debug|iPhoneSimulator.Build.0 = Debug|x86
		{3CE85E18-5417-4156-9A37-27321EF36F04}.Debug|iPhoneSimulator.Deploy.0 = Debug|x86
		{3CE85E18-5417-4156-9A37-27321EF36F04}.Debug|x64.ActiveCfg = Debug|x64
		{3CE85E18-5417-4156-9A37-27321EF36F04}.Debug|x64.Build.0 = Debug|x64
		{3CE85E18-5417-4156-9A37-27321EF36F04}.Debug|x64.Deploy.0 = Debug|x64
		{3CE85E18-5417-4156-9A37-27321EF36F04}.Debug|x86.ActiveCfg = Debug|x86
		{3CE85E18-5417-4156-9A37-27321EF36F04}.Debug|x86.Build.0 = Debug|x86
		{3CE85E18-5417-4156-9A37-27321EF36F04}.Debug|x86.Deploy.0 = Debug|x86
		{3CE85E18-5417-4156-9A37-27321EF36F04}.Release|Any CPU.ActiveCfg = Release|x86
		{3CE85E18-5417-4156-9A37-27321EF36F04}.Release|Any CPU.Build.0 = Release|x86
		{3CE85E18-5417-4156-9A37-27321EF36F04}.Release|Any CPU.Deploy.0 = Release|x86
		{3CE85E18-5417-4156-9A37-27321EF36F04}.Release|ARM.ActiveCfg = Release|ARM
		{3CE85E18-5417-4156-9A37-27321EF36F04}.Release|ARM.Build.0 = Release|ARM
		{3CE85E18-5417-4156-9A37-27321EF36F04}.Release|ARM.Deploy.0 = Release|ARM
		{3CE85E18-5417-4156-9A37-27321EF36F04}.Release|iPhone.ActiveCfg = Release|x86
		{3CE85E18-5417-4156-9A37-27321EF36F04}.Release|iPhone.Build.0 = Release|x86
		{3CE85E18-5417-4156-9A37-27321EF36F04}.Release|iPhone.Deploy.0 = Release|x86
		{3CE85E18-5417-4156-9A37-27321EF36F04}.Release|iPhoneSimulator.ActiveCfg = Release|x86
		{3CE85E18-5417-4156-9A37-27321EF36F04}.Release|iPhoneSimulator.Build.0 = Release|x86
		{3CE85E18-5417-4156-9A37-27321EF36F04}.Release|iPhoneSimulator.Deploy.0 = Release|x86
		{3CE85E18-5417-4156-9A37-27321EF36F04}.Release|x64.ActiveCfg = Release|x64
		{3CE85E18-5417-4156-9A37-27321EF36F04}.Release|x64.Build.0 = Release|x64
		{3CE85E18-5417-4156-9A37-27321EF36F04}.Release|x64.Deploy.0 = Release|x64
		{3CE85E18-5417-4156-9A37-27321EF36F04}.Release|x86.ActiveCfg = Release|x86
		{3CE85E18-5417-4156-9A37-27321EF36F04}.Release|x86.Build.0 = Release|x86
		{3CE85E18-5417-4156-9A37-27321EF36F04}.Release|x86.Deploy.0 = Release|x86
		{F46DD67E-5309-4524-9BB6-6CAD6FAAB8BA}.Ad-Hoc|Any CPU.ActiveCfg = Debug|Any CPU
		{F46DD67E-5309-4524-9BB6-6CAD6FAAB8BA}.Ad-Hoc|Any CPU.Build.0 = Debug|Any CPU
		{F46DD67E-5309-4524-9BB6-6CAD6FAAB8BA}.Ad-Hoc|Any CPU.Deploy.0 = Debug|Any CPU
		{F46DD67E-5309-4524-9BB6-6CAD6FAAB8BA}.Ad-Hoc|ARM.ActiveCfg = Debug|Any CPU
		{F46DD67E-5309-4524-9BB6-6CAD6FAAB8BA}.Ad-Hoc|ARM.Build.0 = Debug|Any CPU
		{F46DD67E-5309-4524-9BB6-6CAD6FAAB8BA}.Ad-Hoc|ARM.Deploy.0 = Debug|Any CPU
		{F46DD67E-5309-4524-9BB6-6CAD6FAAB8BA}.Ad-Hoc|iPhone.ActiveCfg = Debug|Any CPU
		{F46DD67E-5309-4524-9BB6-6CAD6FAAB8BA}.Ad-Hoc|iPhone.Build.0 = Debug|Any CPU
		{F46DD67E-5309-4524-9BB6-6CAD6FAAB8BA}.Ad-Hoc|iPhone.Deploy.0 = Debug|Any CPU
		{F46DD67E-5309-4524-9BB6-6CAD6FAAB8BA}.Ad-Hoc|iPhoneSimulator.ActiveCfg = Debug|Any CPU
		{F46DD67E-5309-4524-9BB6-6CAD6FAAB8BA}.Ad-Hoc|iPhoneSimulator.Build.0 = Debug|Any CPU
		{F46DD67E-5309-4524-9BB6-6CAD6FAAB8BA}.Ad-Hoc|iPhoneSimulator.Deploy.0 = Debug|Any CPU
		{F46DD67E-5309-4524-9BB6-6CAD6FAAB8BA}.Ad-Hoc|x64.ActiveCfg = Debug|Any CPU
		{F46DD67E-5309-4524-9BB6-6CAD6FAAB8BA}.Ad-Hoc|x64.Build.0 = Debug|Any CPU
		{F46DD67E-5309-4524-9BB6-6CAD6FAAB8BA}.Ad-Hoc|x64.Deploy.0 = Debug|Any CPU
		{F46DD67E-5309-4524-9BB6-6CAD6FAAB8BA}.Ad-Hoc|x86.ActiveCfg = Debug|Any CPU
		{F46DD67E-5309-4524-9BB6-6CAD6FAAB8BA}.Ad-Hoc|x86.Build.0 = Debug|Any CPU
		{F46DD67E-5309-4524-9BB6-6CAD6FAAB8BA}.Ad-Hoc|x86.Deploy.0 = Debug|Any CPU
		{F46DD67E-5309-4524-9BB6-6CAD6FAAB8BA}.AppStore|Any CPU.ActiveCfg = Debug|Any CPU
		{F46DD67E-5309-4524-9BB6-6CAD6FAAB8BA}.AppStore|Any CPU.Build.0 = Debug|Any CPU
		{F46DD67E-5309-4524-9BB6-6CAD6FAAB8BA}.AppStore|Any CPU.Deploy.0 = Debug|Any CPU
		{F46DD67E-5309-4524-9BB6-6CAD6FAAB8BA}.AppStore|ARM.ActiveCfg = Debug|Any CPU
		{F46DD67E-5309-4524-9BB6-6CAD6FAAB8BA}.AppStore|ARM.Build.0 = Debug|Any CPU
		{F46DD67E-5309-4524-9BB6-6CAD6FAAB8BA}.AppStore|ARM.Deploy.0 = Debug|Any CPU
		{F46DD67E-5309-4524-9BB6-6CAD6FAAB8BA}.AppStore|iPhone.ActiveCfg = Debug|Any CPU
		{F46DD67E-5309-4524-9BB6-6CAD6FAAB8BA}.AppStore|iPhone.Build.0 = Debug|Any CPU
		{F46DD67E-5309-4524-9BB6-6CAD6FAAB8BA}.AppStore|iPhone.Deploy.0 = Debug|Any CPU
		{F46DD67E-5309-4524-9BB6-6CAD6FAAB8BA}.AppStore|iPhoneSimulator.ActiveCfg = Debug|Any CPU
		{F46DD67E-5309-4524-9BB6-6CAD6FAAB8BA}.AppStore|iPhoneSimulator.Build.0 = Debug|Any CPU
		{F46DD67E-5309-4524-9BB6-6CAD6FAAB8BA}.AppStore|iPhoneSimulator.Deploy.0 = Debug|Any CPU
		{F46DD67E-5309-4524-9BB6-6CAD6FAAB8BA}.AppStore|x64.ActiveCfg = Debug|Any CPU
		{F46DD67E-5309-4524-9BB6-6CAD6FAAB8BA}.AppStore|x64.Build.0 = Debug|Any CPU
		{F46DD67E-5309-4524-9BB6-6CAD6FAAB8BA}.AppStore|x64.Deploy.0 = Debug|Any CPU
		{F46DD67E-5309-4524-9BB6-6CAD6FAAB8BA}.AppStore|x86.ActiveCfg = Debug|Any CPU
		{F46DD67E-5309-4524-9BB6-6CAD6FAAB8BA}.AppStore|x86.Build.0 = Debug|Any CPU
		{F46DD67E-5309-4524-9BB6-6CAD6FAAB8BA}.AppStore|x86.Deploy.0 = Debug|Any CPU
		{F46DD67E-5309-4524-9BB6-6CAD6FAAB8BA}.Debug|Any CPU.ActiveCfg = Debug|Any CPU
		{F46DD67E-5309-4524-9BB6-6CAD6FAAB8BA}.Debug|Any CPU.Build.0 = Debug|Any CPU
		{F46DD67E-5309-4524-9BB6-6CAD6FAAB8BA}.Debug|Any CPU.Deploy.0 = Debug|Any CPU
		{F46DD67E-5309-4524-9BB6-6CAD6FAAB8BA}.Debug|ARM.ActiveCfg = Debug|Any CPU
		{F46DD67E-5309-4524-9BB6-6CAD6FAAB8BA}.Debug|ARM.Build.0 = Debug|Any CPU
		{F46DD67E-5309-4524-9BB6-6CAD6FAAB8BA}.Debug|ARM.Deploy.0 = Debug|Any CPU
		{F46DD67E-5309-4524-9BB6-6CAD6FAAB8BA}.Debug|iPhone.ActiveCfg = Debug|Any CPU
		{F46DD67E-5309-4524-9BB6-6CAD6FAAB8BA}.Debug|iPhone.Build.0 = Debug|Any CPU
		{F46DD67E-5309-4524-9BB6-6CAD6FAAB8BA}.Debug|iPhone.Deploy.0 = Debug|Any CPU
		{F46DD67E-5309-4524-9BB6-6CAD6FAAB8BA}.Debug|iPhoneSimulator.ActiveCfg = Debug|Any CPU
		{F46DD67E-5309-4524-9BB6-6CAD6FAAB8BA}.Debug|iPhoneSimulator.Build.0 = Debug|Any CPU
		{F46DD67E-5309-4524-9BB6-6CAD6FAAB8BA}.Debug|iPhoneSimulator.Deploy.0 = Debug|Any CPU
		{F46DD67E-5309-4524-9BB6-6CAD6FAAB8BA}.Debug|x64.ActiveCfg = Debug|Any CPU
		{F46DD67E-5309-4524-9BB6-6CAD6FAAB8BA}.Debug|x64.Build.0 = Debug|Any CPU
		{F46DD67E-5309-4524-9BB6-6CAD6FAAB8BA}.Debug|x64.Deploy.0 = Debug|Any CPU
		{F46DD67E-5309-4524-9BB6-6CAD6FAAB8BA}.Debug|x86.ActiveCfg = Debug|Any CPU
		{F46DD67E-5309-4524-9BB6-6CAD6FAAB8BA}.Debug|x86.Build.0 = Debug|Any CPU
		{F46DD67E-5309-4524-9BB6-6CAD6FAAB8BA}.Debug|x86.Deploy.0 = Debug|Any CPU
		{F46DD67E-5309-4524-9BB6-6CAD6FAAB8BA}.Release|Any CPU.ActiveCfg = Release|Any CPU
		{F46DD67E-5309-4524-9BB6-6CAD6FAAB8BA}.Release|Any CPU.Build.0 = Release|Any CPU
		{F46DD67E-5309-4524-9BB6-6CAD6FAAB8BA}.Release|Any CPU.Deploy.0 = Release|Any CPU
		{F46DD67E-5309-4524-9BB6-6CAD6FAAB8BA}.Release|ARM.ActiveCfg = Release|Any CPU
		{F46DD67E-5309-4524-9BB6-6CAD6FAAB8BA}.Release|ARM.Build.0 = Release|Any CPU
		{F46DD67E-5309-4524-9BB6-6CAD6FAAB8BA}.Release|ARM.Deploy.0 = Release|Any CPU
		{F46DD67E-5309-4524-9BB6-6CAD6FAAB8BA}.Release|iPhone.ActiveCfg = Release|Any CPU
		{F46DD67E-5309-4524-9BB6-6CAD6FAAB8BA}.Release|iPhone.Build.0 = Release|Any CPU
		{F46DD67E-5309-4524-9BB6-6CAD6FAAB8BA}.Release|iPhone.Deploy.0 = Release|Any CPU
		{F46DD67E-5309-4524-9BB6-6CAD6FAAB8BA}.Release|iPhoneSimulator.ActiveCfg = Release|Any CPU
		{F46DD67E-5309-4524-9BB6-6CAD6FAAB8BA}.Release|iPhoneSimulator.Build.0 = Release|Any CPU
		{F46DD67E-5309-4524-9BB6-6CAD6FAAB8BA}.Release|iPhoneSimulator.Deploy.0 = Release|Any CPU
		{F46DD67E-5309-4524-9BB6-6CAD6FAAB8BA}.Release|x64.ActiveCfg = Release|Any CPU
		{F46DD67E-5309-4524-9BB6-6CAD6FAAB8BA}.Release|x64.Build.0 = Release|Any CPU
		{F46DD67E-5309-4524-9BB6-6CAD6FAAB8BA}.Release|x64.Deploy.0 = Release|Any CPU
		{F46DD67E-5309-4524-9BB6-6CAD6FAAB8BA}.Release|x86.ActiveCfg = Release|Any CPU
		{F46DD67E-5309-4524-9BB6-6CAD6FAAB8BA}.Release|x86.Build.0 = Release|Any CPU
		{F46DD67E-5309-4524-9BB6-6CAD6FAAB8BA}.Release|x86.Deploy.0 = Release|Any CPU
	EndGlobalSection
	GlobalSection(SolutionProperties) = preSolution
		HideSolutionNode = FALSE
	EndGlobalSection
	GlobalSection(ExtensibilityGlobals) = postSolution
		SolutionGuid = {57BF8414-2954-4D3E-A6FD-AAF3BFE28FFF}
	EndGlobalSection
EndGlobal
